
Microsoft Visual Studio Solution File, Format Version 12.00
# Visual Studio 15
Project("{FAE04EC0-301F-11D3-BF4B-00C04F79EFBC}") = "Assembly-CSharp-Editor", "Assembly-CSharp-Editor.csproj", "{2685BEB7-1E61-8243-B309-48183D6B332E}"
EndProject
Project("{FAE04EC0-301F-11D3-BF4B-00C04F79EFBC}") = "Assembly-CSharp", "Assembly-CSharp.csproj", "{531E54CB-F4BB-E07A-73A4-F020EC162CEE}"
EndProject
Global
	GlobalSection(SolutionConfigurationPlatforms) = preSolution
		Debug|Any CPU = Debug|Any CPU
		Release|Any CPU = Release|Any CPU
	EndGlobalSection
	GlobalSection(ProjectConfigurationPlatforms) = postSolution
		{2685BEB7-1E61-8243-B309-48183D6B332E}.Debug|Any CPU.ActiveCfg = Debug|Any CPU
		{2685BEB7-1E61-8243-B309-48183D6B332E}.Debug|Any CPU.Build.0 = Debug|Any CPU
		{2685BEB7-1E61-8243-B309-48183D6B332E}.Release|Any CPU.ActiveCfg = Release|Any CPU
		{2685BEB7-1E61-8243-B309-48183D6B332E}.Release|Any CPU.Build.0 = Release|Any CPU
		{531E54CB-F4BB-E07A-73A4-F020EC162CEE}.Debug|Any CPU.ActiveCfg = Debug|Any CPU
		{531E54CB-F4BB-E07A-73A4-F020EC162CEE}.Debug|Any CPU.Build.0 = Debug|Any CPU
		{531E54CB-F4BB-E07A-73A4-F020EC162CEE}.Release|Any CPU.ActiveCfg = Release|Any CPU
		{531E54CB-F4BB-E07A-73A4-F020EC162CEE}.Release|Any CPU.Build.0 = Release|Any CPU
	EndGlobalSection
	GlobalSection(SolutionProperties) = preSolution
		HideSolutionNode = FALSE
	EndGlobalSection
EndGlobal
